
Microsoft Visual Studio Solution File, Format Version 12.00
# Visual Studio Version 17
VisualStudioVersion = 17.8.34330.188
MinimumVisualStudioVersion = 10.0.40219.1
Project("{FAE04EC0-301F-11D3-BF4B-00C04F79EFBC}") = "Asm1_LaiGiaKiet_PH55031", "Asm1_LaiGiaKiet_PH55031\Asm1_LaiGiaKiet_PH55031.csproj", "{0F43BE07-17BE-4A43-AE9E-744F8E160AC6}"
EndProject
Global
	GlobalSection(SolutionConfigurationPlatforms) = preSolution
		Debug|Any CPU = Debug|Any CPU
		Release|Any CPU = Release|Any CPU
	EndGlobalSection
	GlobalSection(ProjectConfigurationPlatforms) = postSolution
		{0F43BE07-17BE-4A43-AE9E-744F8E160AC6}.Debug|Any CPU.ActiveCfg = Debug|Any CPU
		{0F43BE07-17BE-4A43-AE9E-744F8E160AC6}.Debug|Any CPU.Build.0 = Debug|Any CPU
		{0F43BE07-17BE-4A43-AE9E-744F8E160AC6}.Release|Any CPU.ActiveCfg = Release|Any CPU
		{0F43BE07-17BE-4A43-AE9E-744F8E160AC6}.Release|Any CPU.Build.0 = Release|Any CPU
	EndGlobalSection
	GlobalSection(SolutionProperties) = preSolution
		HideSolutionNode = FALSE
	EndGlobalSection
	GlobalSection(ExtensibilityGlobals) = postSolution
		SolutionGuid = {91C5590F-2634-4312-AA00-88ECE50BA66B}
	EndGlobalSection
EndGlobal
